
Microsoft Visual Studio Solution File, Format Version 12.00
# Visual Studio 15
VisualStudioVersion = 15.0.28010.2036
MinimumVisualStudioVersion = 10.0.40219.1
Project("{FAE04EC0-301F-11D3-BF4B-00C04F79EFBC}") = "fileWatcherApp", "fileWatcherApp\fileWatcherApp.csproj", "{56ABA710-1EE6-476E-9159-39FF79BBCB99}"
EndProject
Global
	GlobalSection(SolutionConfigurationPlatforms) = preSolution
		Debug|Any CPU = Debug|Any CPU
		Release|Any CPU = Release|Any CPU
	EndGlobalSection
	GlobalSection(ProjectConfigurationPlatforms) = postSolution
		{56ABA710-1EE6-476E-9159-39FF79BBCB99}.Debug|Any CPU.ActiveCfg = Debug|Any CPU
		{56ABA710-1EE6-476E-9159-39FF79BBCB99}.Debug|Any CPU.Build.0 = Debug|Any CPU
		{56ABA710-1EE6-476E-9159-39FF79BBCB99}.Release|Any CPU.ActiveCfg = Release|Any CPU
		{56ABA710-1EE6-476E-9159-39FF79BBCB99}.Release|Any CPU.Build.0 = Release|Any CPU
	EndGlobalSection
	GlobalSection(SolutionProperties) = preSolution
		HideSolutionNode = FALSE
	EndGlobalSection
	GlobalSection(ExtensibilityGlobals) = postSolution
		SolutionGuid = {0492B851-73C5-4F9F-AC7A-531745490795}
	EndGlobalSection
EndGlobal
